
Microsoft Visual Studio Solution File, Format Version 12.00
# Visual Studio Version 17
VisualStudioVersion = 17.5.33414.496
MinimumVisualStudioVersion = 10.0.40219.1
Project("{FAE04EC0-301F-11D3-BF4B-00C04F79EFBC}") = "Lab03", "Lab03.csproj", "{0897CC54-4FA2-4330-BF7E-B1943241ED59}"
EndProject
Global
	GlobalSection(SolutionConfigurationPlatforms) = preSolution
		Debug|Any CPU = Debug|Any CPU
		Release|Any CPU = Release|Any CPU
	EndGlobalSection
	GlobalSection(ProjectConfigurationPlatforms) = postSolution
		{0897CC54-4FA2-4330-BF7E-B1943241ED59}.Debug|Any CPU.ActiveCfg = Debug|Any CPU
		{0897CC54-4FA2-4330-BF7E-B1943241ED59}.Debug|Any CPU.Build.0 = Debug|Any CPU
		{0897CC54-4FA2-4330-BF7E-B1943241ED59}.Release|Any CPU.ActiveCfg = Release|Any CPU
		{0897CC54-4FA2-4330-BF7E-B1943241ED59}.Release|Any CPU.Build.0 = Release|Any CPU
	EndGlobalSection
	GlobalSection(SolutionProperties) = preSolution
		HideSolutionNode = FALSE
	EndGlobalSection
	GlobalSection(ExtensibilityGlobals) = postSolution
		SolutionGuid = {73D2F7AE-A8FE-48BC-8C87-71EE4B9A4074}
	EndGlobalSection
EndGlobal
